
Microsoft Visual Studio Solution File, Format Version 12.00
# Visual Studio Version 17
VisualStudioVersion = 17.11.35327.3
MinimumVisualStudioVersion = 10.0.40219.1
Project("{FAE04EC0-301F-11D3-BF4B-00C04F79EFBC}") = "Rock-Paper-Scissors-Game", "Rock-Paper-Scissors-Game.csproj", "{A76D9B97-7273-49FB-BCEE-EC2EF0958011}"
EndProject
Global
	GlobalSection(SolutionConfigurationPlatforms) = preSolution
		Debug|Any CPU = Debug|Any CPU
		Release|Any CPU = Release|Any CPU
	EndGlobalSection
	GlobalSection(ProjectConfigurationPlatforms) = postSolution
		{A76D9B97-7273-49FB-BCEE-EC2EF0958011}.Debug|Any CPU.ActiveCfg = Debug|Any CPU
		{A76D9B97-7273-49FB-BCEE-EC2EF0958011}.Debug|Any CPU.Build.0 = Debug|Any CPU
		{A76D9B97-7273-49FB-BCEE-EC2EF0958011}.Release|Any CPU.ActiveCfg = Release|Any CPU
		{A76D9B97-7273-49FB-BCEE-EC2EF0958011}.Release|Any CPU.Build.0 = Release|Any CPU
	EndGlobalSection
	GlobalSection(SolutionProperties) = preSolution
		HideSolutionNode = FALSE
	EndGlobalSection
	GlobalSection(ExtensibilityGlobals) = postSolution
		SolutionGuid = {78EC9728-1E35-42C6-886D-515D6E857720}
	EndGlobalSection
EndGlobal
